
Microsoft Visual Studio Solution File, Format Version 12.00
# Visual Studio Version 17
VisualStudioVersion = 17.4.33213.308
MinimumVisualStudioVersion = 10.0.40219.1
Project("{FAE04EC0-301F-11D3-BF4B-00C04F79EFBC}") = "ASP_Resume", "ASP_Resume\ASP_Resume.csproj", "{F3C4F869-F1A5-4936-A9E7-89153CD99FB1}"
EndProject
Project("{FAE04EC0-301F-11D3-BF4B-00C04F79EFBC}") = "DAL", "..\DAL\DAL.csproj", "{4489BDCA-DBB7-497A-B06D-36023B95DCA0}"
EndProject
Project("{FAE04EC0-301F-11D3-BF4B-00C04F79EFBC}") = "Domain", "..\Domain\Domain.csproj", "{204440DA-3C34-4C5C-AA5F-1C35F8882739}"
EndProject
Project("{FAE04EC0-301F-11D3-BF4B-00C04F79EFBC}") = "BLL", "..\BLL\BLL.csproj", "{4C7CB842-CF36-4CCD-97BD-06F883BAAB24}"
EndProject
Global
	GlobalSection(SolutionConfigurationPlatforms) = preSolution
		Debug|Any CPU = Debug|Any CPU
		Release|Any CPU = Release|Any CPU
	EndGlobalSection
	GlobalSection(ProjectConfigurationPlatforms) = postSolution
		{F3C4F869-F1A5-4936-A9E7-89153CD99FB1}.Debug|Any CPU.ActiveCfg = Debug|Any CPU
		{F3C4F869-F1A5-4936-A9E7-89153CD99FB1}.Debug|Any CPU.Build.0 = Debug|Any CPU
		{F3C4F869-F1A5-4936-A9E7-89153CD99FB1}.Release|Any CPU.ActiveCfg = Release|Any CPU
		{F3C4F869-F1A5-4936-A9E7-89153CD99FB1}.Release|Any CPU.Build.0 = Release|Any CPU
		{4489BDCA-DBB7-497A-B06D-36023B95DCA0}.Debug|Any CPU.ActiveCfg = Debug|Any CPU
		{4489BDCA-DBB7-497A-B06D-36023B95DCA0}.Debug|Any CPU.Build.0 = Debug|Any CPU
		{4489BDCA-DBB7-497A-B06D-36023B95DCA0}.Release|Any CPU.ActiveCfg = Release|Any CPU
		{4489BDCA-DBB7-497A-B06D-36023B95DCA0}.Release|Any CPU.Build.0 = Release|Any CPU
		{204440DA-3C34-4C5C-AA5F-1C35F8882739}.Debug|Any CPU.ActiveCfg = Debug|Any CPU
		{204440DA-3C34-4C5C-AA5F-1C35F8882739}.Debug|Any CPU.Build.0 = Debug|Any CPU
		{204440DA-3C34-4C5C-AA5F-1C35F8882739}.Release|Any CPU.ActiveCfg = Release|Any CPU
		{204440DA-3C34-4C5C-AA5F-1C35F8882739}.Release|Any CPU.Build.0 = Release|Any CPU
		{4C7CB842-CF36-4CCD-97BD-06F883BAAB24}.Debug|Any CPU.ActiveCfg = Debug|Any CPU
		{4C7CB842-CF36-4CCD-97BD-06F883BAAB24}.Debug|Any CPU.Build.0 = Debug|Any CPU
		{4C7CB842-CF36-4CCD-97BD-06F883BAAB24}.Release|Any CPU.ActiveCfg = Release|Any CPU
		{4C7CB842-CF36-4CCD-97BD-06F883BAAB24}.Release|Any CPU.Build.0 = Release|Any CPU
	EndGlobalSection
	GlobalSection(SolutionProperties) = preSolution
		HideSolutionNode = FALSE
	EndGlobalSection
	GlobalSection(ExtensibilityGlobals) = postSolution
		SolutionGuid = {81B24D1D-979E-48DD-AB0C-33009F42ECA9}
	EndGlobalSection
EndGlobal
